{
  "version": 4,
  "terraform_version": "1.14.9",
  "serial": 8,
  "lineage": "6df8905d-28e0-c059-84b0-0d8cf3165dce",
  "outputs": {
    "instance_public_ip": {
      "value": "82.70.63.212",
      "type": "string"
    }
  },
  "resources": [
    {
      "mode": "data",
      "type": "oci_core_images",
      "name": "ubuntu",
      "provider": "provider[\"registry.terraform.io/oracle/oci\"]",
      "instances": [
        {
          "schema_version": 0,
          "attributes": {
            "compartment_id": "ocid1.tenancy.oc1..aaaaaaaafme6bbq3tqmbafy5hr3zgdgn25duyhahfjnmknrec7vhxa2wmiwa",
            "display_name": null,
            "filter": null,
            "id": "CoreImagesDataSource-808319353",
            "images": [
              {
                "agent_features": [],
                "base_image_id": "",
                "billable_size_in_gbs": "3",
                "compartment_id": "",
                "create_image_allowed": true,
                "defined_tags": {},
                "display_name": "Canonical-Ubuntu-24.04-2026.03.31-0",
                "freeform_tags": {},
                "id": "ocid1.image.oc1.eu-stockholm-1.aaaaaaaa7tdrchoh3s2lg4uewmwxdq5wqcyyzvdp5mx6nysxb65yl4pzkbiq",
                "image_source_details": [],
                "instance_id": "",
                "launch_mode": "NATIVE",
                "launch_options": [
                  {
                    "boot_volume_type": "PARAVIRTUALIZED",
                    "firmware": "UEFI_64",
                    "is_consistent_volume_naming_enabled": true,
                    "is_pv_encryption_in_transit_enabled": true,
                    "network_type": "PARAVIRTUALIZED",
                    "remote_data_volume_type": "PARAVIRTUALIZED"
                  }
                ],
                "listing_type": "",
                "operating_system": "Canonical Ubuntu",
                "operating_system_version": "24.04",
                "size_in_mbs": "47694",
                "state": "AVAILABLE",
                "time_created": "2026-04-22 01:04:52.924 +0000 UTC"
              },
              {
                "agent_features": [],
                "base_image_id": "",
                "billable_size_in_gbs": "3",
                "compartment_id": "",
                "create_image_allowed": true,
                "defined_tags": {},
                "display_name": "Canonical-Ubuntu-24.04-2026.02.28-0",
                "freeform_tags": {},
                "id": "ocid1.image.oc1.eu-stockholm-1.aaaaaaaamdgz7mc5mfoooqjw7cuik4rkdi6kecb3qrd74k4ywh3yhwmvq3ba",
                "image_source_details": [],
                "instance_id": "",
                "launch_mode": "NATIVE",
                "launch_options": [
                  {
                    "boot_volume_type": "PARAVIRTUALIZED",
                    "firmware": "UEFI_64",
                    "is_consistent_volume_naming_enabled": true,
                    "is_pv_encryption_in_transit_enabled": true,
                    "network_type": "PARAVIRTUALIZED",
                    "remote_data_volume_type": "PARAVIRTUALIZED"
                  }
                ],
                "listing_type": "",
                "operating_system": "Canonical Ubuntu",
                "operating_system_version": "24.04",
                "size_in_mbs": "47694",
                "state": "AVAILABLE",
                "time_created": "2026-03-04 21:23:20.224 +0000 UTC"
              },
              {
                "agent_features": [],
                "base_image_id": "",
                "billable_size_in_gbs": "3",
                "compartment_id": "",
                "create_image_allowed": true,
                "defined_tags": {},
                "display_name": "Canonical-Ubuntu-24.04-2026.01.29-0",
                "freeform_tags": {},
                "id": "ocid1.image.oc1.eu-stockholm-1.aaaaaaaaxvugpp63dumxmk33lidd66ucz4vjrgjjccb35ib64qomlvc5572a",
                "image_source_details": [],
                "instance_id": "",
                "launch_mode": "NATIVE",
                "launch_options": [
                  {
                    "boot_volume_type": "PARAVIRTUALIZED",
                    "firmware": "UEFI_64",
                    "is_consistent_volume_naming_enabled": true,
                    "is_pv_encryption_in_transit_enabled": true,
                    "network_type": "PARAVIRTUALIZED",
                    "remote_data_volume_type": "PARAVIRTUALIZED"
                  }
                ],
                "listing_type": "",
                "operating_system": "Canonical Ubuntu",
                "operating_system_version": "24.04",
                "size_in_mbs": "47694",
                "state": "AVAILABLE",
                "time_created": "2026-02-06 18:20:21.656 +0000 UTC"
              }
            ],
            "operating_system": "Canonical Ubuntu",
            "operating_system_version": "24.04",
            "shape": "VM.Standard.E2.1.Micro",
            "sort_by": "TIMECREATED",
            "sort_order": "DESC",
            "state": null
          },
          "sensitive_attributes": [],
          "identity_schema_version": 0
        }
      ]
    },
    {
      "mode": "data",
      "type": "oci_identity_availability_domains",
      "name": "ads",
      "provider": "provider[\"registry.terraform.io/oracle/oci\"]",
      "instances": [
        {
          "schema_version": 0,
          "attributes": {
            "availability_domains": [
              {
                "compartment_id": "ocid1.tenancy.oc1..aaaaaaaafme6bbq3tqmbafy5hr3zgdgn25duyhahfjnmknrec7vhxa2wmiwa",
                "id": "ocid1.availabilitydomain.oc1..aaaaaaaa36jxkehxfoihty2xbagvwiwz4wasae2zpmr3s4oxt45cl3wd5yla",
                "name": "mznM:EU-STOCKHOLM-1-AD-1"
              }
            ],
            "compartment_id": "ocid1.tenancy.oc1..aaaaaaaafme6bbq3tqmbafy5hr3zgdgn25duyhahfjnmknrec7vhxa2wmiwa",
            "filter": null,
            "id": "IdentityAvailabilityDomainsDataSource-2548486854"
          },
          "sensitive_attributes": [],
          "identity_schema_version": 0
        }
      ]
    },
    {
      "mode": "managed",
      "type": "oci_core_instance",
      "name": "free_server",
      "provider": "provider[\"registry.terraform.io/oracle/oci\"]",
      "instances": [
        {
          "schema_version": 0,
          "attributes": {
            "agent_config": [
              {
                "are_all_plugins_disabled": false,
                "is_management_disabled": false,
                "is_monitoring_disabled": false,
                "plugins_config": []
              }
            ],
            "async": null,
            "availability_config": [
              {
                "is_live_migration_preferred": false,
                "recovery_action": "RESTORE_INSTANCE"
              }
            ],
            "availability_domain": "mznM:EU-STOCKHOLM-1-AD-1",
            "boot_volume_id": "ocid1.bootvolume.oc1.eu-stockholm-1.abqxeljrgufsyalqqt32xshwz233ocsordunsqgei7kmhlfh6i7sztahcpzq",
            "capacity_reservation_id": null,
            "cluster_placement_group_id": null,
            "compartment_id": "ocid1.tenancy.oc1..aaaaaaaafme6bbq3tqmbafy5hr3zgdgn25duyhahfjnmknrec7vhxa2wmiwa",
            "compute_cluster_id": null,
            "create_vnic_details": [
              {
                "assign_ipv6ip": false,
                "assign_private_dns_record": false,
                "assign_public_ip": "true",
                "defined_tags": {
                  "Oracle-Tags.CreatedBy": "default/ajkynsagyntaj@gmail.com",
                  "Oracle-Tags.CreatedOn": "2026-04-28T17:01:14.823Z"
                },
                "display_name": "mathalama-tf-server",
                "freeform_tags": {},
                "hostname_label": "mathalama-tf-server",
                "ipv6address_ipv6subnet_cidr_pair_details": [],
                "nsg_ids": [],
                "private_ip": "10.0.0.80",
                "private_ip_id": "",
                "security_attributes": {},
                "skip_source_dest_check": false,
                "subnet_cidr": "",
                "subnet_id": "ocid1.subnet.oc1.eu-stockholm-1.aaaaaaaa3zzit2h6tr7oo4unej7khotlpv56jhfy62wz65x77zmdudoiu63a",
                "vlan_id": ""
              }
            ],
            "dedicated_vm_host_id": null,
            "defined_tags": {
              "Oracle-Tags.CreatedBy": "default/ajkynsagyntaj@gmail.com",
              "Oracle-Tags.CreatedOn": "2026-04-28T17:01:14.712Z"
            },
            "display_name": "mathalama-tf-server",
            "extended_metadata": {},
            "fault_domain": "FAULT-DOMAIN-3",
            "freeform_tags": {},
            "hostname_label": "mathalama-tf-server",
            "id": "ocid1.instance.oc1.eu-stockholm-1.anqxeljrwg3soiacujghlmamyic6v7iqnnu5udtiurx5ps4uqmyszqscrfzq",
            "image": "ocid1.image.oc1.eu-stockholm-1.aaaaaaaa7tdrchoh3s2lg4uewmwxdq5wqcyyzvdp5mx6nysxb65yl4pzkbiq",
            "instance_configuration_id": null,
            "instance_options": [
              {
                "are_legacy_imds_endpoints_disabled": false
              }
            ],
            "ipxe_script": null,
            "is_ai_enterprise_enabled": null,
            "is_cross_numa_node": false,
            "is_pv_encryption_in_transit_enabled": null,
            "launch_mode": "PARAVIRTUALIZED",
            "launch_options": [
              {
                "boot_volume_type": "PARAVIRTUALIZED",
                "firmware": "UEFI_64",
                "is_consistent_volume_naming_enabled": true,
                "is_pv_encryption_in_transit_enabled": false,
                "network_type": "PARAVIRTUALIZED",
                "remote_data_volume_type": "PARAVIRTUALIZED"
              }
            ],
            "launch_volume_attachments": null,
            "licensing_configs": [],
            "metadata": {
              "ssh_authorized_keys": "ssh-rsa AAAAB3NzaC1yc2EAAAADAQABAAACAQC4LO7fFKEoCPlTUeja3RrIXorknNiqwqgBvlHHQKJsxBmXuDh/IjSruG/IagYMWEeX4n8NUB85WGp1Y+bAybyy7qStDVDGTP9LNPjtij8HYSZkEcYaOTCRRzfPuAKTDpofNZ5a1CmZzQIiRwiojXvvqlYh8+ZKg/QTQxdb5E/imslyPKXk9g/UhD0ecrkjRZYrvKcttV/q9TuQF6xXThVBHJ3ERCpeW5/qNPcIRw6+R21ScWnCJ/vYvFVULEJq1S63z0cJ4Q+zCu5u0bXZjW8+SaFI4I/QE9LjJKz+VKbTuSqBk+kPvJxlDeBpAWAZiRhWfoTdMQew9GFFqZSyxeQL3h391pRBM/pEzopr/zHvud3VbxHClNYyG0zGLfjeKpKvjgxHGqGE/bI862Ji6PO7GttmoDmiuVTZ/z3qqEMNJePu6m6wRep+f+UM/0SXdjd3bbykmAgGDhHhzeWZcJ7zSN1hvEhNRlldBMFbbjwKPmUyhhKO83sOz6x8lPtYlIZa8i43UQCdrftUDIWv79CMf4o/nU8QfHqGf2DTpZSP52/QSIs98eYjVOjlVAy9LfFZZL4TUFiyZbhCH2R3zBG6qri29FDaEmScHB0uHjFXWaoPU/tDhu46AaQzwAjSbJEy0vLYDCV0PYWyp8wlnI66HrAqwkVg7GO+uUPmVhM8GQ== admin@mathalama",
              "user_data": "IyEvYmluL2Jhc2gKCiMgUmVkaXJlY3Qgb3V0cHV0IHRvIGxvZyBmb3IgZGVidWdnaW5nCmV4ZWMgPiA+KHRlZSAvdmFyL2xvZy91c2VyLWRhdGEubG9nfGxvZ2dlciAtdCB1c2VyLWRhdGEgLXMgMj4vZGV2L2NvbnNvbGUpIDI+JjEKCmVjaG8gIlByb3Zpc2lvbmluZyBzdGFydGVkLi4uIgoKIyAxLiBTZXR1cCAyR0IgU3dhcCAoZm9yIDFHQiBSQU0gc3RhYmlsaXR5KQpmYWxsb2NhdGUgLWwgMkcgL3N3YXBmaWxlCmNobW9kIDYwMCAvc3dhcGZpbGUKbWtzd2FwIC9zd2FwZmlsZQpzd2Fwb24gL3N3YXBmaWxlCmVjaG8gJy9zd2FwZmlsZSBub25lIHN3YXAgc3cgMCAwJyA+PiAvZXRjL2ZzdGFiCgojIDIuIEluc3RhbGwgRG9ja2VyLCBDb21wb3NlIGFuZCBHaXQKZXhwb3J0IERFQklBTl9GUk9OVEVORD1ub25pbnRlcmFjdGl2ZQphcHQtZ2V0IHVwZGF0ZSAmJiBhcHQtZ2V0IHVwZ3JhZGUgLXkKYXB0LWdldCBpbnN0YWxsIC15IGRvY2tlci5pbyBkb2NrZXItY29tcG9zZS12MiBnaXQgdWZ3IGlwdGFibGVzLXBlcnNpc3RlbnQKCiMgMy4gT3BlbiBQb3J0cyAoODAsIDQ0MywgODEpIGluIGlwdGFibGVzCmlwdGFibGVzIC1JIElOUFVUIDYgLW0gc3RhdGUgLS1zdGF0ZSBORVcgLXAgdGNwIC0tZHBvcnQgODAgLWogQUNDRVBUCmlwdGFibGVzIC1JIElOUFVUIDYgLW0gc3RhdGUgLS1zdGF0ZSBORVcgLXAgdGNwIC0tZHBvcnQgNDQzIC1qIEFDQ0VQVAppcHRhYmxlcyAtSSBJTlBVVCA2IC1tIHN0YXRlIC0tc3RhdGUgTkVXIC1wIHRjcCAtLWRwb3J0IDgxIC1qIEFDQ0VQVApuZXRmaWx0ZXItcGVyc2lzdGVudCBzYXZlCgojIDQuIENyZWF0ZSBkZXZvcHMgdXNlciBhbmQgZ3JhbnQgcGVybWlzc2lvbnMKdXNlcmFkZCAtbSAtcyAvYmluL2Jhc2ggZGV2b3BzCnVzZXJtb2QgLWFHIHN1ZG8sZG9ja2VyIGRldm9wcwplY2hvICJkZXZvcHMgQUxMPShBTEwpIE5PUEFTU1dEOkFMTCIgPiAvZXRjL3N1ZG9lcnMuZC85MC1kZXZvcHMKCiMgNS4gU2V0dXAgU1NIIGFjY2VzcyBmb3IgZGV2b3BzCm1rZGlyIC1wIC9ob21lL2Rldm9wcy8uc3NoCmNwIC9ob21lL3VidW50dS8uc3NoL2F1dGhvcml6ZWRfa2V5cyAvaG9tZS9kZXZvcHMvLnNzaC8KY2hvd24gLVIgZGV2b3BzOmRldm9wcyAvaG9tZS9kZXZvcHMvLnNzaApjaG1vZCA3MDAgL2hvbWUvZGV2b3BzLy5zc2gKY2htb2QgNjAwIC9ob21lL2Rldm9wcy8uc3NoL2F1dGhvcml6ZWRfa2V5cwoKIyA2LiBDcmVhdGUgZGVwbG95bWVudCBkaXJlY3Rvcmllcwpta2RpciAtcCAvaG9tZS9kZXZvcHMvZGVwbG95L3thcHAsbW9uaXRvcmluZyxucG19CmNob3duIC1SIGRldm9wczpkZXZvcHMgL2hvbWUvZGV2b3BzL2RlcGxveQoKZWNobyAiUHJvdmlzaW9uaW5nIGZpbmlzaGVkLiI="
            },
            "placement_constraint_details": [],
            "platform_config": [],
            "preemptible_instance_config": [],
            "preserve_boot_volume": null,
            "preserve_data_volumes_created_at_launch": null,
            "private_ip": "10.0.0.80",
            "public_ip": "82.70.63.212",
            "region": "eu-stockholm-1",
            "security_attributes": {},
            "security_attributes_state": "STABLE",
            "shape": "VM.Standard.E2.1.Micro",
            "shape_config": [
              {
                "baseline_ocpu_utilization": "",
                "gpu_description": "",
                "gpus": 0,
                "local_disk_description": "",
                "local_disks": 0,
                "local_disks_total_size_in_gbs": 0,
                "max_vnic_attachments": 1,
                "memory_in_gbs": 1,
                "networking_bandwidth_in_gbps": 0.47999998927116394,
                "nvmes": 0,
                "ocpus": 1,
                "processor_description": "2.0 GHz AMD EPYC™ 7551 (Naples)",
                "resource_management": "",
                "vcpus": 2
              }
            ],
            "source_details": [
              {
                "boot_volume_size_in_gbs": "47",
                "boot_volume_vpus_per_gb": "10",
                "instance_source_image_filter_details": [],
                "is_preserve_boot_volume_enabled": false,
                "kms_key_id": "",
                "source_id": "ocid1.image.oc1.eu-stockholm-1.aaaaaaaa7tdrchoh3s2lg4uewmwxdq5wqcyyzvdp5mx6nysxb65yl4pzkbiq",
                "source_type": "image"
              }
            ],
            "state": "RUNNING",
            "subnet_id": "ocid1.subnet.oc1.eu-stockholm-1.aaaaaaaa3zzit2h6tr7oo4unej7khotlpv56jhfy62wz65x77zmdudoiu63a",
            "system_tags": {
              "orcl-cloud.free-tier-retained": "true"
            },
            "time_created": "2026-04-28 17:01:15.16 +0000 UTC",
            "time_maintenance_reboot_due": "",
            "timeouts": null,
            "update_operation_constraint": null
          },
          "sensitive_attributes": [],
          "identity_schema_version": 0,
          "private": "eyJlMmJmYjczMC1lY2FhLTExZTYtOGY4OC0zNDM2M2JjN2M0YzAiOnsiY3JlYXRlIjoyNzAwMDAwMDAwMDAwLCJkZWxldGUiOjQ1MDAwMDAwMDAwMDAsInVwZGF0ZSI6MjcwMDAwMDAwMDAwMH19",
          "dependencies": [
            "data.oci_core_images.ubuntu",
            "data.oci_identity_availability_domains.ads"
          ]
        }
      ]
    }
  ],
  "check_results": null
}
